# THIS IS AN AUTOGENERATED FILE. DO NOT EDIT THIS FILE DIRECTLY.
# yarn lockfile v1


acorn-walk@^8.2.0:
  version "8.2.0"
  resolved "https://pkgs.d.xiaomi.net:443/artifactory/api/npm/mi-npm/acorn-walk/-/acorn-walk-8.2.0.tgz#741210f2e2426454508853a2f44d0ab83b7f69c1"
  integrity sha1-dBIQ8uJCZFRQiFOi9E0KuDt/acE=

acorn@^8.7.0:
  version "8.7.0"
  resolved "https://pkgs.d.xiaomi.net:443/artifactory/api/npm/mi-npm/acorn/-/acorn-8.7.0.tgz#90951fde0f8f09df93549481e5fc141445b791cf"
  integrity sha1-kJUf3g+PCd+TVJSB5fwUFEW3kc8=

ini@^2.0.0:
  version "2.0.0"
  resolved "https://pkgs.d.xiaomi.net:443/artifactory/api/npm/mi-npm/ini/-/ini-2.0.0.tgz#e5fd556ecdd5726be978fa1001862eacb0a94bc5"
  integrity sha1-5f1Vbs3VcmvpePoQAYYurLCpS8U=

node-watch@^0.7.3:
  version "0.7.3"
  resolved "https://pkgs.d.xiaomi.net:443/artifactory/api/npm/mi-npm/node-watch/-/node-watch-0.7.3.tgz#6d4db88e39c8d09d3ea61d6568d80e5975abc7ab"
  integrity sha1-bU24jjnI0J0+ph1laNgOWXWrx6s=

nodejs-websocket@^1.7.2:
  version "1.7.2"
  resolved "https://pkgs.d.xiaomi.net:443/artifactory/api/npm/mi-npm/nodejs-websocket/-/nodejs-websocket-1.7.2.tgz#94abd1e248f57d4d1c663dec3831015c6dad98a6"
  integrity sha1-lKvR4kj1fU0cZj3sODEBXG2tmKY=

vm2@^3.9.9:
  version "3.9.9"
  resolved "https://pkgs.d.xiaomi.net:443/artifactory/api/npm/mi-npm/vm2/-/vm2-3.9.9.tgz#c0507bc5fbb99388fad837d228badaaeb499ddc5"
  integrity sha1-wFB7xfu5k4j62DfSKLrarrSZ3cU=
  dependencies:
    acorn "^8.7.0"
    acorn-walk "^8.2.0"
